
Microsoft Visual Studio Solution File, Format Version 12.00
# Visual Studio Version 16
VisualStudioVersion = 16.0.35229.62
MinimumVisualStudioVersion = 10.0.40219.1
Project("{FAE04EC0-301F-11D3-BF4B-00C04F79EFBC}") = "Pressure-Converter-Csharp", "Pressure-Converter-Csharp.csproj", "{3E7B70F9-B632-4D52-B6F0-2A6B5A670CC8}"
EndProject
Global
	GlobalSection(SolutionConfigurationPlatforms) = preSolution
		Debug|Any CPU = Debug|Any CPU
		Release|Any CPU = Release|Any CPU
	EndGlobalSection
	GlobalSection(ProjectConfigurationPlatforms) = postSolution
		{3E7B70F9-B632-4D52-B6F0-2A6B5A670CC8}.Debug|Any CPU.ActiveCfg = Debug|Any CPU
		{3E7B70F9-B632-4D52-B6F0-2A6B5A670CC8}.Debug|Any CPU.Build.0 = Debug|Any CPU
		{3E7B70F9-B632-4D52-B6F0-2A6B5A670CC8}.Release|Any CPU.ActiveCfg = Release|Any CPU
		{3E7B70F9-B632-4D52-B6F0-2A6B5A670CC8}.Release|Any CPU.Build.0 = Release|Any CPU
	EndGlobalSection
	GlobalSection(SolutionProperties) = preSolution
		HideSolutionNode = FALSE
	EndGlobalSection
	GlobalSection(ExtensibilityGlobals) = postSolution
		SolutionGuid = {FA1EE2ED-B1E3-4609-8AB7-D335D8E494A5}
	EndGlobalSection
EndGlobal
